<?xml version="1.0" encoding="utf-8"?>
<Project ToolsVersion="4.0" xmlns="http://schemas.microsoft.com/developer/msbuild/2003">
  <ItemGroup>
    <ClCompile Include="main.cpp" />
    <ClCompile Include="chat_server\chat_server.cpp">
      <Filter>chat_server</Filter>
    </ClCompile>
    <ClCompile Include="app\server_app.cpp">
      <Filter>app</Filter>
    </ClCompile>
    <ClCompile Include="network\network.cpp">
      <Filter>network</Filter>
    </ClCompile>
    <ClCompile Include="network\session\session.cpp">
      <Filter>network\session</Filter>
    </ClCompile>
    <ClCompile Include="utils\logger\logger.cpp">
      <Filter>utils\logger</Filter>
    </ClCompile>
  </ItemGroup>
  <ItemGroup>
    <Filter Include="network">
      <UniqueIdentifier>{05fa6832-5b03-4e7b-a6eb-2d4b26249442}</UniqueIdentifier>
    </Filter>
    <Filter Include="network\session">
      <UniqueIdentifier>{ed9cd6ad-eb1a-43e2-9e72-3b9096a9c049}</UniqueIdentifier>
    </Filter>
    <Filter Include="app">
      <UniqueIdentifier>{9ad9e1e3-2f47-4a88-b3ec-376c92564cde}</UniqueIdentifier>
    </Filter>
    <Filter Include="chat_server">
      <UniqueIdentifier>{ea2b47e7-c2bb-48d0-b99b-d11145488552}</UniqueIdentifier>
    </Filter>
    <Filter Include="headers">
      <UniqueIdentifier>{c3e10bf8-901f-4066-9b75-60891f0376ca}</UniqueIdentifier>
    </Filter>
    <Filter Include="define">
      <UniqueIdentifier>{bdb453d2-1d53-44a4-bbad-c729d4650c87}</UniqueIdentifier>
    </Filter>
    <Filter Include="utils">
      <UniqueIdentifier>{80b7fd55-3d98-4288-8bdb-a9003fb98fe4}</UniqueIdentifier>
    </Filter>
    <Filter Include="network\packet">
      <UniqueIdentifier>{2f475bca-3a7e-4484-8775-aa6bab3448e8}</UniqueIdentifier>
    </Filter>
    <Filter Include="thirdparty">
      <UniqueIdentifier>{53c2251e-1387-4471-ade1-f69240e87056}</UniqueIdentifier>
    </Filter>
    <Filter Include="thirdparty\fmt">
      <UniqueIdentifier>{6c0ceaab-67ed-499c-b78d-fb8f6acc71d2}</UniqueIdentifier>
    </Filter>
    <Filter Include="utils\logger">
      <UniqueIdentifier>{8a2ffe97-91d1-441e-aa00-01c68d6a54be}</UniqueIdentifier>
    </Filter>
    <Filter Include="network\tsqueue">
      <UniqueIdentifier>{e4959411-67b9-4385-92cd-37ab7fe25e92}</UniqueIdentifier>
    </Filter>
  </ItemGroup>
  <ItemGroup>
    <ClInclude Include="chat_server\chat_server.h">
      <Filter>chat_server</Filter>
    </ClInclude>
    <ClInclude Include="app\server_app.h">
      <Filter>app</Filter>
    </ClInclude>
    <ClInclude Include="network\network.h">
      <Filter>network</Filter>
    </ClInclude>
    <ClInclude Include="headers\common_headers.h">
      <Filter>headers</Filter>
    </ClInclude>
    <ClInclude Include="define\types_define.h">
      <Filter>define</Filter>
    </ClInclude>
    <ClInclude Include="define\common_define.h">
      <Filter>define</Filter>
    </ClInclude>
    <ClInclude Include="network\session\session.h">
      <Filter>network\session</Filter>
    </ClInclude>
    <ClInclude Include="network\network_config.h">
      <Filter>network</Filter>
    </ClInclude>
    <ClInclude Include="network\session\session_config.h">
      <Filter>network\session</Filter>
    </ClInclude>
    <ClInclude Include="network\packet\packet.h">
      <Filter>network\packet</Filter>
    </ClInclude>
    <ClInclude Include="..\thirdparty\fmt\include\fmt\args.h">
      <Filter>thirdparty\fmt</Filter>
    </ClInclude>
    <ClInclude Include="..\thirdparty\fmt\include\fmt\chrono.h">
      <Filter>thirdparty\fmt</Filter>
    </ClInclude>
    <ClInclude Include="..\thirdparty\fmt\include\fmt\color.h">
      <Filter>thirdparty\fmt</Filter>
    </ClInclude>
    <ClInclude Include="..\thirdparty\fmt\include\fmt\compile.h">
      <Filter>thirdparty\fmt</Filter>
    </ClInclude>
    <ClInclude Include="..\thirdparty\fmt\include\fmt\core.h">
      <Filter>thirdparty\fmt</Filter>
    </ClInclude>
    <ClInclude Include="..\thirdparty\fmt\include\fmt\format.h">
      <Filter>thirdparty\fmt</Filter>
    </ClInclude>
    <ClInclude Include="..\thirdparty\fmt\include\fmt\format-inl.h">
      <Filter>thirdparty\fmt</Filter>
    </ClInclude>
    <ClInclude Include="..\thirdparty\fmt\include\fmt\locale.h">
      <Filter>thirdparty\fmt</Filter>
    </ClInclude>
    <ClInclude Include="..\thirdparty\fmt\include\fmt\os.h">
      <Filter>thirdparty\fmt</Filter>
    </ClInclude>
    <ClInclude Include="..\thirdparty\fmt\include\fmt\ostream.h">
      <Filter>thirdparty\fmt</Filter>
    </ClInclude>
    <ClInclude Include="..\thirdparty\fmt\include\fmt\printf.h">
      <Filter>thirdparty\fmt</Filter>
    </ClInclude>
    <ClInclude Include="..\thirdparty\fmt\include\fmt\ranges.h">
      <Filter>thirdparty\fmt</Filter>
    </ClInclude>
    <ClInclude Include="..\thirdparty\fmt\include\fmt\xchar.h">
      <Filter>thirdparty\fmt</Filter>
    </ClInclude>
    <ClInclude Include="utils\tsqueue\tsqueue.h">
      <Filter>network\tsqueue</Filter>
    </ClInclude>
    <ClInclude Include="utils\logger\logger.h">
      <Filter>utils\logger</Filter>
    </ClInclude>
    <ClInclude Include="chat_server\handlers.h">
      <Filter>chat_server</Filter>
    </ClInclude>
    <ClInclude Include="chat_server\packet_define_req.h">
      <Filter>chat_server</Filter>
    </ClInclude>
    <ClInclude Include="chat_server\packet_define_ack.h">
      <Filter>chat_server</Filter>
    </ClInclude>
  </ItemGroup>
</Project>